// !$*UTF8*$!
{
	archiveVersion = 1;
	classes = {
	};
	objectVersion = 50;
	objects = {

/* Begin PBXBuildFile section */
		FD51B41D21B32E67006A19BD /* SHMultiSlider.swift in Sources */ = {isa = PBXBuildFile; fileRef = FD51B41921B32E66006A19BD /* SHMultiSlider.swift */; };
		FD51B41E21B32E67006A19BD /* SHKnobRing.swift in Sources */ = {isa = PBXBuildFile; fileRef = FD51B41A21B32E66006A19BD /* SHKnobRing.swift */; };
		FD51B41F21B32E67006A19BD /* SHBipolarSlider.swift in Sources */ = {isa = PBXBuildFile; fileRef = FD51B41B21B32E66006A19BD /* SHBipolarSlider.swift */; };
		FD51B42021B32E67006A19BD /* SHBiploarRing.swift in Sources */ = {isa = PBXBuildFile; fileRef = FD51B41C21B32E67006A19BD /* SHBiploarRing.swift */; };
		FDE2F07521AD06EF007E6743 /* SHMultiSlider.framework in Frameworks */ = {isa = PBXBuildFile; fileRef = FDE2F06B21AD06EF007E6743 /* SHMultiSlider.framework */; };
		FDE2F07A21AD06EF007E6743 /* SHMultiSliderTests.swift in Sources */ = {isa = PBXBuildFile; fileRef = FDE2F07921AD06EF007E6743 /* SHMultiSliderTests.swift */; };
		FDE2F07C21AD06EF007E6743 /* SHMultiSlider.h in Headers */ = {isa = PBXBuildFile; fileRef = FDE2F06E21AD06EF007E6743 /* SHMultiSlider.h */; settings = {ATTRIBUTES = (Public, ); }; };
		FDE2F08921AD0700007E6743 /* SHMultiSlider.xib in Resources */ = {isa = PBXBuildFile; fileRef = FDE2F08521AD0700007E6743 /* SHMultiSlider.xib */; };
		FDE2F08A21AD0700007E6743 /* PublicExtensions.swift in Sources */ = {isa = PBXBuildFile; fileRef = FDE2F08621AD0700007E6743 /* PublicExtensions.swift */; };
/* End PBXBuildFile section */

/* Begin PBXContainerItemProxy section */
		FDE2F07621AD06EF007E6743 /* PBXContainerItemProxy */ = {
			isa = PBXContainerItemProxy;
			containerPortal = FDE2F06221AD06EF007E6743 /* Project object */;
			proxyType = 1;
			remoteGlobalIDString = FDE2F06A21AD06EF007E6743;
			remoteInfo = SHMultiSlider;
		};
/* End PBXContainerItemProxy section */

/* Begin PBXFileReference section */
		FD51B41921B32E66006A19BD /* SHMultiSlider.swift */ = {isa = PBXFileReference; fileEncoding = 4; lastKnownFileType = sourcecode.swift; path = SHMultiSlider.swift; sourceTree = "<group>"; };
		FD51B41A21B32E66006A19BD /* SHKnobRing.swift */ = {isa = PBXFileReference; fileEncoding = 4; lastKnownFileType = sourcecode.swift; path = SHKnobRing.swift; sourceTree = "<group>"; };
		FD51B41B21B32E66006A19BD /* SHBipolarSlider.swift */ = {isa = PBXFileReference; fileEncoding = 4; lastKnownFileType = sourcecode.swift; path = SHBipolarSlider.swift; sourceTree = "<group>"; };
		FD51B41C21B32E67006A19BD /* SHBiploarRing.swift */ = {isa = PBXFileReference; fileEncoding = 4; lastKnownFileType = sourcecode.swift; path = SHBiploarRing.swift; sourceTree = "<group>"; };
		FDE2F06B21AD06EF007E6743 /* SHMultiSlider.framework */ = {isa = PBXFileReference; explicitFileType = wrapper.framework; includeInIndex = 0; path = SHMultiSlider.framework; sourceTree = BUILT_PRODUCTS_DIR; };
		FDE2F06E21AD06EF007E6743 /* SHMultiSlider.h */ = {isa = PBXFileReference; lastKnownFileType = sourcecode.c.h; path = SHMultiSlider.h; sourceTree = "<group>"; };
		FDE2F06F21AD06EF007E6743 /* Info.plist */ = {isa = PBXFileReference; lastKnownFileType = text.plist.xml; path = Info.plist; sourceTree = "<group>"; };
		FDE2F07421AD06EF007E6743 /* SHMultiSliderTests.xctest */ = {isa = PBXFileReference; explicitFileType = wrapper.cfbundle; includeInIndex = 0; path = SHMultiSliderTests.xctest; sourceTree = BUILT_PRODUCTS_DIR; };
		FDE2F07921AD06EF007E6743 /* SHMultiSliderTests.swift */ = {isa = PBXFileReference; lastKnownFileType = sourcecode.swift; path = SHMultiSliderTests.swift; sourceTree = "<group>"; };
		FDE2F07B21AD06EF007E6743 /* Info.plist */ = {isa = PBXFileReference; lastKnownFileType = text.plist.xml; path = Info.plist; sourceTree = "<group>"; };
		FDE2F08521AD0700007E6743 /* SHMultiSlider.xib */ = {isa = PBXFileReference; fileEncoding = 4; lastKnownFileType = file.xib; path = SHMultiSlider.xib; sourceTree = "<group>"; };
		FDE2F08621AD0700007E6743 /* PublicExtensions.swift */ = {isa = PBXFileReference; fileEncoding = 4; lastKnownFileType = sourcecode.swift; path = PublicExtensions.swift; sourceTree = "<group>"; };
/* End PBXFileReference section */

/* Begin PBXFrameworksBuildPhase section */
		FDE2F06821AD06EF007E6743 /* Frameworks */ = {
			isa = PBXFrameworksBuildPhase;
			buildActionMask = 2147483647;
			files = (
			);
			runOnlyForDeploymentPostprocessing = 0;
		};
		FDE2F07121AD06EF007E6743 /* Frameworks */ = {
			isa = PBXFrameworksBuildPhase;
			buildActionMask = 2147483647;
			files = (
				FDE2F07521AD06EF007E6743 /* SHMultiSlider.framework in Frameworks */,
			);
			runOnlyForDeploymentPostprocessing = 0;
		};
/* End PBXFrameworksBuildPhase section */

/* Begin PBXGroup section */
		FD338DEF21AD19BD00642478 /* Resources */ = {
			isa = PBXGroup;
			children = (
				FDE2F08521AD0700007E6743 /* SHMultiSlider.xib */,
			);
			path = Resources;
			sourceTree = "<group>";
		};
		FDE2F06121AD06EF007E6743 = {
			isa = PBXGroup;
			children = (
				FD338DEF21AD19BD00642478 /* Resources */,
				FDE2F08D21AD0707007E6743 /* Sources */,
				FDE2F06D21AD06EF007E6743 /* SHMultiSlider */,
				FDE2F07821AD06EF007E6743 /* SHMultiSliderTests */,
				FDE2F06C21AD06EF007E6743 /* Products */,
			);
			sourceTree = "<group>";
		};
		FDE2F06C21AD06EF007E6743 /* Products */ = {
			isa = PBXGroup;
			children = (
				FDE2F06B21AD06EF007E6743 /* SHMultiSlider.framework */,
				FDE2F07421AD06EF007E6743 /* SHMultiSliderTests.xctest */,
			);
			name = Products;
			sourceTree = "<group>";
		};
		FDE2F06D21AD06EF007E6743 /* SHMultiSlider */ = {
			isa = PBXGroup;
			children = (
				FDE2F06E21AD06EF007E6743 /* SHMultiSlider.h */,
				FDE2F06F21AD06EF007E6743 /* Info.plist */,
			);
			path = SHMultiSlider;
			sourceTree = "<group>";
		};
		FDE2F07821AD06EF007E6743 /* SHMultiSliderTests */ = {
			isa = PBXGroup;
			children = (
				FDE2F07921AD06EF007E6743 /* SHMultiSliderTests.swift */,
				FDE2F07B21AD06EF007E6743 /* Info.plist */,
			);
			path = SHMultiSliderTests;
			sourceTree = "<group>";
		};
		FDE2F08D21AD0707007E6743 /* Sources */ = {
			isa = PBXGroup;
			children = (
				FDE2F08621AD0700007E6743 /* PublicExtensions.swift */,
				FD51B41C21B32E67006A19BD /* SHBiploarRing.swift */,
				FD51B41B21B32E66006A19BD /* SHBipolarSlider.swift */,
				FD51B41A21B32E66006A19BD /* SHKnobRing.swift */,
				FD51B41921B32E66006A19BD /* SHMultiSlider.swift */,
			);
			path = Sources;
			sourceTree = "<group>";
		};
/* End PBXGroup section */

/* Begin PBXHeadersBuildPhase section */
		FDE2F06621AD06EF007E6743 /* Headers */ = {
			isa = PBXHeadersBuildPhase;
			buildActionMask = 2147483647;
			files = (
				FDE2F07C21AD06EF007E6743 /* SHMultiSlider.h in Headers */,
			);
			runOnlyForDeploymentPostprocessing = 0;
		};
/* End PBXHeadersBuildPhase section */

/* Begin PBXNativeTarget section */
		FDE2F06A21AD06EF007E6743 /* SHMultiSlider */ = {
			isa = PBXNativeTarget;
			buildConfigurationList = FDE2F07F21AD06EF007E6743 /* Build configuration list for PBXNativeTarget "SHMultiSlider" */;
			buildPhases = (
				FDE2F06621AD06EF007E6743 /* Headers */,
				FDE2F06721AD06EF007E6743 /* Sources */,
				FDE2F06821AD06EF007E6743 /* Frameworks */,
				FDE2F06921AD06EF007E6743 /* Resources */,
			);
			buildRules = (
			);
			dependencies = (
			);
			name = SHMultiSlider;
			productName = SHMultiSlider;
			productReference = FDE2F06B21AD06EF007E6743 /* SHMultiSlider.framework */;
			productType = "com.apple.product-type.framework";
		};
		FDE2F07321AD06EF007E6743 /* SHMultiSliderTests */ = {
			isa = PBXNativeTarget;
			buildConfigurationList = FDE2F08221AD06EF007E6743 /* Build configuration list for PBXNativeTarget "SHMultiSliderTests" */;
			buildPhases = (
				FDE2F07021AD06EF007E6743 /* Sources */,
				FDE2F07121AD06EF007E6743 /* Frameworks */,
				FDE2F07221AD06EF007E6743 /* Resources */,
			);
			buildRules = (
			);
			dependencies = (
				FDE2F07721AD06EF007E6743 /* PBXTargetDependency */,
			);
			name = SHMultiSliderTests;
			productName = SHMultiSliderTests;
			productReference = FDE2F07421AD06EF007E6743 /* SHMultiSliderTests.xctest */;
			productType = "com.apple.product-type.bundle.unit-test";
		};
/* End PBXNativeTarget section */

/* Begin PBXProject section */
		FDE2F06221AD06EF007E6743 /* Project object */ = {
			isa = PBXProject;
			attributes = {
				LastSwiftUpdateCheck = 1010;
				LastUpgradeCheck = 1010;
				ORGANIZATIONNAME = WangRex;
				TargetAttributes = {
					FDE2F06A21AD06EF007E6743 = {
						CreatedOnToolsVersion = 10.1;
						LastSwiftMigration = 1010;
					};
					FDE2F07321AD06EF007E6743 = {
						CreatedOnToolsVersion = 10.1;
					};
				};
			};
			buildConfigurationList = FDE2F06521AD06EF007E6743 /* Build configuration list for PBXProject "SHMultiSlider" */;
			compatibilityVersion = "Xcode 9.3";
			developmentRegion = en;
			hasScannedForEncodings = 0;
			knownRegions = (
				en,
			);
			mainGroup = FDE2F06121AD06EF007E6743;
			productRefGroup = FDE2F06C21AD06EF007E6743 /* Products */;
			projectDirPath = "";
			projectRoot = "";
			targets = (
				FDE2F06A21AD06EF007E6743 /* SHMultiSlider */,
				FDE2F07321AD06EF007E6743 /* SHMultiSliderTests */,
			);
		};
/* End PBXProject section */

/* Begin PBXResourcesBuildPhase section */
		FDE2F06921AD06EF007E6743 /* Resources */ = {
			isa = PBXResourcesBuildPhase;
			buildActionMask = 2147483647;
			files = (
				FDE2F08921AD0700007E6743 /* SHMultiSlider.xib in Resources */,
			);
			runOnlyForDeploymentPostprocessing = 0;
		};
		FDE2F07221AD06EF007E6743 /* Resources */ = {
			isa = PBXResourcesBuildPhase;
			buildActionMask = 2147483647;
			files = (
			);
			runOnlyForDeploymentPostprocessing = 0;
		};
/* End PBXResourcesBuildPhase section */

/* Begin PBXSourcesBuildPhase section */
		FDE2F06721AD06EF007E6743 /* Sources */ = {
			isa = PBXSourcesBuildPhase;
			buildActionMask = 2147483647;
			files = (
				FDE2F08A21AD0700007E6743 /* PublicExtensions.swift in Sources */,
				FD51B42021B32E67006A19BD /* SHBiploarRing.swift in Sources */,
				FD51B41D21B32E67006A19BD /* SHMultiSlider.swift in Sources */,
				FD51B41E21B32E67006A19BD /* SHKnobRing.swift in Sources */,
				FD51B41F21B32E67006A19BD /* SHBipolarSlider.swift in Sources */,
			);
			runOnlyForDeploymentPostprocessing = 0;
		};
		FDE2F07021AD06EF007E6743 /* Sources */ = {
			isa = PBXSourcesBuildPhase;
			buildActionMask = 2147483647;
			files = (
				FDE2F07A21AD06EF007E6743 /* SHMultiSliderTests.swift in Sources */,
			);
			runOnlyForDeploymentPostprocessing = 0;
		};
/* End PBXSourcesBuildPhase section */

/* Begin PBXTargetDependency section */
		FDE2F07721AD06EF007E6743 /* PBXTargetDependency */ = {
			isa = PBXTargetDependency;
			target = FDE2F06A21AD06EF007E6743 /* SHMultiSlider */;
			targetProxy = FDE2F07621AD06EF007E6743 /* PBXContainerItemProxy */;
		};
/* End PBXTargetDependency section */

/* Begin XCBuildConfiguration section */
		FDE2F07D21AD06EF007E6743 /* Debug */ = {
			isa = XCBuildConfiguration;
			buildSettings = {
				ALWAYS_SEARCH_USER_PATHS = NO;
				CLANG_ANALYZER_NONNULL = YES;
				CLANG_ANALYZER_NUMBER_OBJECT_CONVERSION = YES_AGGRESSIVE;
				CLANG_CXX_LANGUAGE_STANDARD = "gnu++14";
				CLANG_CXX_LIBRARY = "libc++";
				CLANG_ENABLE_MODULES = YES;
				CLANG_ENABLE_OBJC_ARC = YES;
				CLANG_ENABLE_OBJC_WEAK = YES;
				CLANG_WARN_BLOCK_CAPTURE_AUTORELEASING = YES;
				CLANG_WARN_BOOL_CONVERSION = YES;
				CLANG_WARN_COMMA = YES;
				CLANG_WARN_CONSTANT_CONVERSION = YES;
				CLANG_WARN_DEPRECATED_OBJC_IMPLEMENTATIONS = YES;
				CLANG_WARN_DIRECT_OBJC_ISA_USAGE = YES_ERROR;
				CLANG_WARN_DOCUMENTATION_COMMENTS = YES;
				CLANG_WARN_EMPTY_BODY = YES;
				CLANG_WARN_ENUM_CONVERSION = YES;
				CLANG_WARN_INFINITE_RECURSION = YES;
				CLANG_WARN_INT_CONVERSION = YES;
				CLANG_WARN_NON_LITERAL_NULL_CONVERSION = YES;
				CLANG_WARN_OBJC_IMPLICIT_RETAIN_SELF = YES;
				CLANG_WARN_OBJC_LITERAL_CONVERSION = YES;
				CLANG_WARN_OBJC_ROOT_CLASS = YES_ERROR;
				CLANG_WARN_RANGE_LOOP_ANALYSIS = YES;
				CLANG_WARN_STRICT_PROTOTYPES = YES;
				CLANG_WARN_SUSPICIOUS_MOVE = YES;
				CLANG_WARN_UNGUARDED_AVAILABILITY = YES_AGGRESSIVE;
				CLANG_WARN_UNREACHABLE_CODE = YES;
				CLANG_WARN__DUPLICATE_METHOD_MATCH = YES;
				CODE_SIGN_IDENTITY = "Mac Developer";
				COPY_PHASE_STRIP = NO;
				CURRENT_PROJECT_VERSION = 1;
				DEBUG_INFORMATION_FORMAT = dwarf;
				ENABLE_STRICT_OBJC_MSGSEND = YES;
				ENABLE_TESTABILITY = YES;
				GCC_C_LANGUAGE_STANDARD = gnu11;
				GCC_DYNAMIC_NO_PIC = NO;
				GCC_NO_COMMON_BLOCKS = YES;
				GCC_OPTIMIZATION_LEVEL = 0;
				GCC_PREPROCESSOR_DEFINITIONS = (
					"DEBUG=1",
					"$(inherited)",
				);
				GCC_WARN_64_TO_32_BIT_CONVERSION = YES;
				GCC_WARN_ABOUT_RETURN_TYPE = YES_ERROR;
				GCC_WARN_UNDECLARED_SELECTOR = YES;
				GCC_WARN_UNINITIALIZED_AUTOS = YES_AGGRESSIVE;
				GCC_WARN_UNUSED_FUNCTION = YES;
				GCC_WARN_UNUSED_VARIABLE = YES;
				MACOSX_DEPLOYMENT_TARGET = 10.14;
				MTL_ENABLE_DEBUG_INFO = INCLUDE_SOURCE;
				MTL_FAST_MATH = YES;
				ONLY_ACTIVE_ARCH = YES;
				SDKROOT = macosx;
				SWIFT_ACTIVE_COMPILATION_CONDITIONS = DEBUG;
				SWIFT_OPTIMIZATION_LEVEL = "-Onone";
				VERSIONING_SYSTEM = "apple-generic";
				VERSION_INFO_PREFIX = "";
			};
			name = Debug;
		};
		FDE2F07E21AD06EF007E6743 /* Release */ = {
			isa = XCBuildConfiguration;
			buildSettings = {
				ALWAYS_SEARCH_USER_PATHS = NO;
				CLANG_ANALYZER_NONNULL = YES;
				CLANG_ANALYZER_NUMBER_OBJECT_CONVERSION = YES_AGGRESSIVE;
				CLANG_CXX_LANGUAGE_STANDARD = "gnu++14";
				CLANG_CXX_LIBRARY = "libc++";
				CLANG_ENABLE_MODULES = YES;
				CLANG_ENABLE_OBJC_ARC = YES;
				CLANG_ENABLE_OBJC_WEAK = YES;
				CLANG_WARN_BLOCK_CAPTURE_AUTORELEASING = YES;
				CLANG_WARN_BOOL_CONVERSION = YES;
				CLANG_WARN_COMMA = YES;
				CLANG_WARN_CONSTANT_CONVERSION = YES;
				CLANG_WARN_DEPRECATED_OBJC_IMPLEMENTATIONS = YES;
				CLANG_WARN_DIRECT_OBJC_ISA_USAGE = YES_ERROR;
				CLANG_WARN_DOCUMENTATION_COMMENTS = YES;
				CLANG_WARN_EMPTY_BODY = YES;
				CLANG_WARN_ENUM_CONVERSION = YES;
				CLANG_WARN_INFINITE_RECURSION = YES;
				CLANG_WARN_INT_CONVERSION = YES;
				CLANG_WARN_NON_LITERAL_NULL_CONVERSION = YES;
				CLANG_WARN_OBJC_IMPLICIT_RETAIN_SELF = YES;
				CLANG_WARN_OBJC_LITERAL_CONVERSION = YES;
				CLANG_WARN_OBJC_ROOT_CLASS = YES_ERROR;
				CLANG_WARN_RANGE_LOOP_ANALYSIS = YES;
				CLANG_WARN_STRICT_PROTOTYPES = YES;
				CLANG_WARN_SUSPICIOUS_MOVE = YES;
				CLANG_WARN_UNGUARDED_AVAILABILITY = YES_AGGRESSIVE;
				CLANG_WARN_UNREACHABLE_CODE = YES;
				CLANG_WARN__DUPLICATE_METHOD_MATCH = YES;
				CODE_SIGN_IDENTITY = "Mac Developer";
				COPY_PHASE_STRIP = NO;
				CURRENT_PROJECT_VERSION = 1;
				DEBUG_INFORMATION_FORMAT = "dwarf-with-dsym";
				ENABLE_NS_ASSERTIONS = NO;
				ENABLE_STRICT_OBJC_MSGSEND = YES;
				GCC_C_LANGUAGE_STANDARD = gnu11;
				GCC_NO_COMMON_BLOCKS = YES;
				GCC_WARN_64_TO_32_BIT_CONVERSION = YES;
				GCC_WARN_ABOUT_RETURN_TYPE = YES_ERROR;
				GCC_WARN_UNDECLARED_SELECTOR = YES;
				GCC_WARN_UNINITIALIZED_AUTOS = YES_AGGRESSIVE;
				GCC_WARN_UNUSED_FUNCTION = YES;
				GCC_WARN_UNUSED_VARIABLE = YES;
				MACOSX_DEPLOYMENT_TARGET = 10.14;
				MTL_ENABLE_DEBUG_INFO = NO;
				MTL_FAST_MATH = YES;
				SDKROOT = macosx;
				SWIFT_COMPILATION_MODE = wholemodule;
				SWIFT_OPTIMIZATION_LEVEL = "-O";
				VERSIONING_SYSTEM = "apple-generic";
				VERSION_INFO_PREFIX = "";
			};
			name = Release;
		};
		FDE2F08021AD06EF007E6743 /* Debug */ = {
			isa = XCBuildConfiguration;
			buildSettings = {
				CLANG_ENABLE_MODULES = YES;
				CODE_SIGN_IDENTITY = "";
				CODE_SIGN_STYLE = Manual;
				COMBINE_HIDPI_IMAGES = YES;
				DEFINES_MODULE = YES;
				DEVELOPMENT_TEAM = "";
				DYLIB_COMPATIBILITY_VERSION = 1;
				DYLIB_CURRENT_VERSION = 1;
				DYLIB_INSTALL_NAME_BASE = "@rpath";
				FRAMEWORK_VERSION = A;
				INFOPLIST_FILE = SHMultiSlider/Info.plist;
				INSTALL_PATH = "$(LOCAL_LIBRARY_DIR)/Frameworks";
				LD_RUNPATH_SEARCH_PATHS = (
					"$(inherited)",
					"@executable_path/../Frameworks",
					"@loader_path/Frameworks",
				);
				MACOSX_DEPLOYMENT_TARGET = 10.11;
				PRODUCT_BUNDLE_IDENTIFIER = "Sonic-Hits-CO.SHMultiSlider";
				PRODUCT_NAME = "$(TARGET_NAME:c99extidentifier)";
				PROVISIONING_PROFILE_SPECIFIER = "";
				SKIP_INSTALL = YES;
				SWIFT_OPTIMIZATION_LEVEL = "-Onone";
				SWIFT_VERSION = 4.2;
			};
			name = Debug;
		};
		FDE2F08121AD06EF007E6743 /* Release */ = {
			isa = XCBuildConfiguration;
			buildSettings = {
				CLANG_ENABLE_MODULES = YES;
				CODE_SIGN_IDENTITY = "";
				CODE_SIGN_STYLE = Manual;
				COMBINE_HIDPI_IMAGES = YES;
				DEFINES_MODULE = YES;
				DEVELOPMENT_TEAM = "";
				DYLIB_COMPATIBILITY_VERSION = 1;
				DYLIB_CURRENT_VERSION = 1;
				DYLIB_INSTALL_NAME_BASE = "@rpath";
				FRAMEWORK_VERSION = A;
				INFOPLIST_FILE = SHMultiSlider/Info.plist;
				INSTALL_PATH = "$(LOCAL_LIBRARY_DIR)/Frameworks";
				LD_RUNPATH_SEARCH_PATHS = (
					"$(inherited)",
					"@executable_path/../Frameworks",
					"@loader_path/Frameworks",
				);
				MACOSX_DEPLOYMENT_TARGET = 10.11;
				PRODUCT_BUNDLE_IDENTIFIER = "Sonic-Hits-CO.SHMultiSlider";
				PRODUCT_NAME = "$(TARGET_NAME:c99extidentifier)";
				PROVISIONING_PROFILE_SPECIFIER = "";
				SKIP_INSTALL = YES;
				SWIFT_VERSION = 4.2;
			};
			name = Release;
		};
		FDE2F08321AD06EF007E6743 /* Debug */ = {
			isa = XCBuildConfiguration;
			buildSettings = {
				ALWAYS_EMBED_SWIFT_STANDARD_LIBRARIES = YES;
				CODE_SIGN_STYLE = Automatic;
				COMBINE_HIDPI_IMAGES = YES;
				DEVELOPMENT_TEAM = 8U45AH5629;
				INFOPLIST_FILE = SHMultiSliderTests/Info.plist;
				LD_RUNPATH_SEARCH_PATHS = (
					"$(inherited)",
					"@executable_path/../Frameworks",
					"@loader_path/../Frameworks",
				);
				PRODUCT_BUNDLE_IDENTIFIER = "Sonic-Hits-CO.SHMultiSliderTests";
				PRODUCT_NAME = "$(TARGET_NAME)";
				SWIFT_VERSION = 4.2;
			};
			name = Debug;
		};
		FDE2F08421AD06EF007E6743 /* Release */ = {
			isa = XCBuildConfiguration;
			buildSettings = {
				ALWAYS_EMBED_SWIFT_STANDARD_LIBRARIES = YES;
				CODE_SIGN_STYLE = Automatic;
				COMBINE_HIDPI_IMAGES = YES;
				DEVELOPMENT_TEAM = 8U45AH5629;
				INFOPLIST_FILE = SHMultiSliderTests/Info.plist;
				LD_RUNPATH_SEARCH_PATHS = (
					"$(inherited)",
					"@executable_path/../Frameworks",
					"@loader_path/../Frameworks",
				);
				PRODUCT_BUNDLE_IDENTIFIER = "Sonic-Hits-CO.SHMultiSliderTests";
				PRODUCT_NAME = "$(TARGET_NAME)";
				SWIFT_VERSION = 4.2;
			};
			name = Release;
		};
/* End XCBuildConfiguration section */

/* Begin XCConfigurationList section */
		FDE2F06521AD06EF007E6743 /* Build configuration list for PBXProject "SHMultiSlider" */ = {
			isa = XCConfigurationList;
			buildConfigurations = (
				FDE2F07D21AD06EF007E6743 /* Debug */,
				FDE2F07E21AD06EF007E6743 /* Release */,
			);
			defaultConfigurationIsVisible = 0;
			defaultConfigurationName = Release;
		};
		FDE2F07F21AD06EF007E6743 /* Build configuration list for PBXNativeTarget "SHMultiSlider" */ = {
			isa = XCConfigurationList;
			buildConfigurations = (
				FDE2F08021AD06EF007E6743 /* Debug */,
				FDE2F08121AD06EF007E6743 /* Release */,
			);
			defaultConfigurationIsVisible = 0;
			defaultConfigurationName = Release;
		};
		FDE2F08221AD06EF007E6743 /* Build configuration list for PBXNativeTarget "SHMultiSliderTests" */ = {
			isa = XCConfigurationList;
			buildConfigurations = (
				FDE2F08321AD06EF007E6743 /* Debug */,
				FDE2F08421AD06EF007E6743 /* Release */,
			);
			defaultConfigurationIsVisible = 0;
			defaultConfigurationName = Release;
		};
/* End XCConfigurationList section */
	};
	rootObject = FDE2F06221AD06EF007E6743 /* Project object */;
}
